
Microsoft Visual Studio Solution File, Format Version 12.00
# Visual Studio Version 17
VisualStudioVersion = 17.8.34330.188
MinimumVisualStudioVersion = 10.0.40219.1
Project("{888888A0-9F3D-457C-B088-3A5042F75D52}") = "CIS261 Part4", "CIS261 Part4.pyproj", "{289935EA-F362-4695-8901-A71C5CEA2BE9}"
EndProject
Global
	GlobalSection(SolutionConfigurationPlatforms) = preSolution
		Debug|Any CPU = Debug|Any CPU
		Release|Any CPU = Release|Any CPU
	EndGlobalSection
	GlobalSection(ProjectConfigurationPlatforms) = postSolution
		{289935EA-F362-4695-8901-A71C5CEA2BE9}.Debug|Any CPU.ActiveCfg = Debug|Any CPU
		{289935EA-F362-4695-8901-A71C5CEA2BE9}.Release|Any CPU.ActiveCfg = Release|Any CPU
	EndGlobalSection
	GlobalSection(SolutionProperties) = preSolution
		HideSolutionNode = FALSE
	EndGlobalSection
	GlobalSection(ExtensibilityGlobals) = postSolution
		SolutionGuid = {9A395DE7-F287-4EA0-8612-719D4837DEB1}
	EndGlobalSection
EndGlobal
